
Microsoft Visual Studio Solution File, Format Version 12.00
# Visual Studio Version 17
VisualStudioVersion = 17.7.34202.233
MinimumVisualStudioVersion = 10.0.40219.1
Project("{FAE04EC0-301F-11D3-BF4B-00C04F79EFBC}") = "Students_MVC", "Students_MVC.csproj", "{18BBAB5B-F556-4357-8B1F-33594D970A31}"
EndProject
Global
	GlobalSection(SolutionConfigurationPlatforms) = preSolution
		Debug|Any CPU = Debug|Any CPU
		Release|Any CPU = Release|Any CPU
	EndGlobalSection
	GlobalSection(ProjectConfigurationPlatforms) = postSolution
		{18BBAB5B-F556-4357-8B1F-33594D970A31}.Debug|Any CPU.ActiveCfg = Debug|Any CPU
		{18BBAB5B-F556-4357-8B1F-33594D970A31}.Debug|Any CPU.Build.0 = Debug|Any CPU
		{18BBAB5B-F556-4357-8B1F-33594D970A31}.Release|Any CPU.ActiveCfg = Release|Any CPU
		{18BBAB5B-F556-4357-8B1F-33594D970A31}.Release|Any CPU.Build.0 = Release|Any CPU
	EndGlobalSection
	GlobalSection(SolutionProperties) = preSolution
		HideSolutionNode = FALSE
	EndGlobalSection
	GlobalSection(ExtensibilityGlobals) = postSolution
		SolutionGuid = {11CF9C85-C381-4BEB-B871-4EDF04BFD52A}
	EndGlobalSection
EndGlobal
